
Microsoft Visual Studio Solution File, Format Version 12.00
# Visual Studio Version 17
VisualStudioVersion = 17.1.32328.378
MinimumVisualStudioVersion = 10.0.40219.1
Project("{FAE04EC0-301F-11D3-BF4B-00C04F79EFBC}") = "ConsoleApp1", "ConsoleApp1\ConsoleApp1.csproj", "{96837103-258B-4E9A-BB2A-0DF5EF422E96}"
EndProject
Project("{FAE04EC0-301F-11D3-BF4B-00C04F79EFBC}") = "QueuePriority.Tests", "QueuePriority.Tests\QueuePriority.Tests.csproj", "{6F397E4B-3448-4D08-A2BA-C6792B484DFA}"
EndProject
Global
	GlobalSection(SolutionConfigurationPlatforms) = preSolution
		Debug|Any CPU = Debug|Any CPU
		Release|Any CPU = Release|Any CPU
	EndGlobalSection
	GlobalSection(ProjectConfigurationPlatforms) = postSolution
		{96837103-258B-4E9A-BB2A-0DF5EF422E96}.Debug|Any CPU.ActiveCfg = Debug|Any CPU
		{96837103-258B-4E9A-BB2A-0DF5EF422E96}.Debug|Any CPU.Build.0 = Debug|Any CPU
		{96837103-258B-4E9A-BB2A-0DF5EF422E96}.Release|Any CPU.ActiveCfg = Release|Any CPU
		{96837103-258B-4E9A-BB2A-0DF5EF422E96}.Release|Any CPU.Build.0 = Release|Any CPU
		{6F397E4B-3448-4D08-A2BA-C6792B484DFA}.Debug|Any CPU.ActiveCfg = Debug|Any CPU
		{6F397E4B-3448-4D08-A2BA-C6792B484DFA}.Debug|Any CPU.Build.0 = Debug|Any CPU
		{6F397E4B-3448-4D08-A2BA-C6792B484DFA}.Release|Any CPU.ActiveCfg = Release|Any CPU
		{6F397E4B-3448-4D08-A2BA-C6792B484DFA}.Release|Any CPU.Build.0 = Release|Any CPU
	EndGlobalSection
	GlobalSection(SolutionProperties) = preSolution
		HideSolutionNode = FALSE
	EndGlobalSection
	GlobalSection(ExtensibilityGlobals) = postSolution
		SolutionGuid = {5800E13B-56AD-479E-9DC1-4B7A7EC47F83}
	EndGlobalSection
EndGlobal
