
Microsoft Visual Studio Solution File, Format Version 12.00
# Visual Studio Version 17
VisualStudioVersion = 17.0.32112.339
MinimumVisualStudioVersion = 10.0.40219.1
Project("{FAE04EC0-301F-11D3-BF4B-00C04F79EFBC}") = "Trie", "Trie\Trie.csproj", "{343FBF25-5095-40A1-8607-4B7FF18B7381}"
EndProject
Global
	GlobalSection(SolutionConfigurationPlatforms) = preSolution
		Debug|Any CPU = Debug|Any CPU
		Release|Any CPU = Release|Any CPU
	EndGlobalSection
	GlobalSection(ProjectConfigurationPlatforms) = postSolution
		{343FBF25-5095-40A1-8607-4B7FF18B7381}.Debug|Any CPU.ActiveCfg = Debug|Any CPU
		{343FBF25-5095-40A1-8607-4B7FF18B7381}.Debug|Any CPU.Build.0 = Debug|Any CPU
		{343FBF25-5095-40A1-8607-4B7FF18B7381}.Release|Any CPU.ActiveCfg = Release|Any CPU
		{343FBF25-5095-40A1-8607-4B7FF18B7381}.Release|Any CPU.Build.0 = Release|Any CPU
	EndGlobalSection
	GlobalSection(SolutionProperties) = preSolution
		HideSolutionNode = FALSE
	EndGlobalSection
	GlobalSection(ExtensibilityGlobals) = postSolution
		SolutionGuid = {78A74340-5A48-408D-A595-0BB82F06A239}
	EndGlobalSection
EndGlobal
