
Microsoft Visual Studio Solution File, Format Version 12.00
# Visual Studio Version 17
VisualStudioVersion = 17.1.32328.378
MinimumVisualStudioVersion = 10.0.40219.1
Project("{FAE04EC0-301F-11D3-BF4B-00C04F79EFBC}") = "SkipList", "SkipList\SkipList.csproj", "{5ABEA6E2-4078-4702-B3E3-1EE3F70679CB}"
EndProject
Project("{FAE04EC0-301F-11D3-BF4B-00C04F79EFBC}") = "SkipList.Tests", "SkipList.Tests\SkipList.Tests.csproj", "{5C583CFE-FA70-45BC-B753-B5831D2D2DC4}"
EndProject
Global
	GlobalSection(SolutionConfigurationPlatforms) = preSolution
		Debug|Any CPU = Debug|Any CPU
		Release|Any CPU = Release|Any CPU
	EndGlobalSection
	GlobalSection(ProjectConfigurationPlatforms) = postSolution
		{5ABEA6E2-4078-4702-B3E3-1EE3F70679CB}.Debug|Any CPU.ActiveCfg = Debug|Any CPU
		{5ABEA6E2-4078-4702-B3E3-1EE3F70679CB}.Debug|Any CPU.Build.0 = Debug|Any CPU
		{5ABEA6E2-4078-4702-B3E3-1EE3F70679CB}.Release|Any CPU.ActiveCfg = Release|Any CPU
		{5ABEA6E2-4078-4702-B3E3-1EE3F70679CB}.Release|Any CPU.Build.0 = Release|Any CPU
		{5C583CFE-FA70-45BC-B753-B5831D2D2DC4}.Debug|Any CPU.ActiveCfg = Debug|Any CPU
		{5C583CFE-FA70-45BC-B753-B5831D2D2DC4}.Debug|Any CPU.Build.0 = Debug|Any CPU
		{5C583CFE-FA70-45BC-B753-B5831D2D2DC4}.Release|Any CPU.ActiveCfg = Release|Any CPU
		{5C583CFE-FA70-45BC-B753-B5831D2D2DC4}.Release|Any CPU.Build.0 = Release|Any CPU
	EndGlobalSection
	GlobalSection(SolutionProperties) = preSolution
		HideSolutionNode = FALSE
	EndGlobalSection
	GlobalSection(ExtensibilityGlobals) = postSolution
		SolutionGuid = {E665470F-887A-44DA-9CFE-2AC9B213778D}
	EndGlobalSection
EndGlobal
