
Microsoft Visual Studio Solution File, Format Version 12.00
# Visual Studio Version 17
VisualStudioVersion = 17.0.32112.339
MinimumVisualStudioVersion = 10.0.40219.1
Project("{9A19103F-16F7-4668-BE54-9A1E7A4F7556}") = "ParseTree", "ParseTree\ParseTree.csproj", "{FCE1C06D-DAE6-46D3-B499-094C4C750340}"
EndProject
Project("{FAE04EC0-301F-11D3-BF4B-00C04F79EFBC}") = "ParseTree.Tests", "ParseTree.Tests\ParseTree.Tests.csproj", "{87E4295C-A91C-4EEF-85B6-5D37FBEC32F8}"
EndProject
Global
	GlobalSection(SolutionConfigurationPlatforms) = preSolution
		Debug|Any CPU = Debug|Any CPU
		Release|Any CPU = Release|Any CPU
	EndGlobalSection
	GlobalSection(ProjectConfigurationPlatforms) = postSolution
		{FCE1C06D-DAE6-46D3-B499-094C4C750340}.Debug|Any CPU.ActiveCfg = Debug|Any CPU
		{FCE1C06D-DAE6-46D3-B499-094C4C750340}.Debug|Any CPU.Build.0 = Debug|Any CPU
		{FCE1C06D-DAE6-46D3-B499-094C4C750340}.Release|Any CPU.ActiveCfg = Release|Any CPU
		{FCE1C06D-DAE6-46D3-B499-094C4C750340}.Release|Any CPU.Build.0 = Release|Any CPU
		{87E4295C-A91C-4EEF-85B6-5D37FBEC32F8}.Debug|Any CPU.ActiveCfg = Debug|Any CPU
		{87E4295C-A91C-4EEF-85B6-5D37FBEC32F8}.Debug|Any CPU.Build.0 = Debug|Any CPU
		{87E4295C-A91C-4EEF-85B6-5D37FBEC32F8}.Release|Any CPU.ActiveCfg = Release|Any CPU
		{87E4295C-A91C-4EEF-85B6-5D37FBEC32F8}.Release|Any CPU.Build.0 = Release|Any CPU
	EndGlobalSection
	GlobalSection(SolutionProperties) = preSolution
		HideSolutionNode = FALSE
	EndGlobalSection
	GlobalSection(ExtensibilityGlobals) = postSolution
		SolutionGuid = {72CCFE0B-3CB7-4106-BA1A-BF627EEBFB5C}
	EndGlobalSection
EndGlobal
